// !$*UTF8*$!
{
	archiveVersion = 1;
	classes = {
	};
	objectVersion = 46;
	objects = {

/* Begin PBXBuildFile section */
		BFE60BA01E8D9A3300CF77E1 /* AppDelegate.swift in Sources */ = {isa = PBXBuildFile; fileRef = BFE60B9F1E8D9A3300CF77E1 /* AppDelegate.swift */; };
		BFE60BA21E8D9A3300CF77E1 /* ViewController.swift in Sources */ = {isa = PBXBuildFile; fileRef = BFE60BA11E8D9A3300CF77E1 /* ViewController.swift */; };
		BFE60BA51E8D9A3300CF77E1 /* Main.storyboard in Resources */ = {isa = PBXBuildFile; fileRef = BFE60BA31E8D9A3300CF77E1 /* Main.storyboard */; };
		BFE60BA81E8D9A3300CF77E1 /* pokedex3.xcdatamodeld in Sources */ = {isa = PBXBuildFile; fileRef = BFE60BA61E8D9A3300CF77E1 /* pokedex3.xcdatamodeld */; };
		BFE60BAA1E8D9A3300CF77E1 /* Assets.xcassets in Resources */ = {isa = PBXBuildFile; fileRef = BFE60BA91E8D9A3300CF77E1 /* Assets.xcassets */; };
		BFE60BAD1E8D9A3300CF77E1 /* LaunchScreen.storyboard in Resources */ = {isa = PBXBuildFile; fileRef = BFE60BAB1E8D9A3300CF77E1 /* LaunchScreen.storyboard */; };
		BFE60BB51E8DA6AF00CF77E1 /* pokemon.csv in Resources */ = {isa = PBXBuildFile; fileRef = BFE60BB41E8DA6AF00CF77E1 /* pokemon.csv */; };
/* End PBXBuildFile section */

/* Begin PBXFileReference section */
		BFE60B9C1E8D9A3300CF77E1 /* pokedex3.app */ = {isa = PBXFileReference; explicitFileType = wrapper.application; includeInIndex = 0; path = pokedex3.app; sourceTree = BUILT_PRODUCTS_DIR; };
		BFE60B9F1E8D9A3300CF77E1 /* AppDelegate.swift */ = {isa = PBXFileReference; lastKnownFileType = sourcecode.swift; path = AppDelegate.swift; sourceTree = "<group>"; };
		BFE60BA11E8D9A3300CF77E1 /* ViewController.swift */ = {isa = PBXFileReference; lastKnownFileType = sourcecode.swift; path = ViewController.swift; sourceTree = "<group>"; };
		BFE60BA41E8D9A3300CF77E1 /* Base */ = {isa = PBXFileReference; lastKnownFileType = file.storyboard; name = Base; path = Base.lproj/Main.storyboard; sourceTree = "<group>"; };
		BFE60BA71E8D9A3300CF77E1 /* pokedex3.xcdatamodel */ = {isa = PBXFileReference; lastKnownFileType = wrapper.xcdatamodel; path = pokedex3.xcdatamodel; sourceTree = "<group>"; };
		BFE60BA91E8D9A3300CF77E1 /* Assets.xcassets */ = {isa = PBXFileReference; lastKnownFileType = folder.assetcatalog; path = Assets.xcassets; sourceTree = "<group>"; };
		BFE60BAC1E8D9A3300CF77E1 /* Base */ = {isa = PBXFileReference; lastKnownFileType = file.storyboard; name = Base; path = Base.lproj/LaunchScreen.storyboard; sourceTree = "<group>"; };
		BFE60BAE1E8D9A3300CF77E1 /* Info.plist */ = {isa = PBXFileReference; lastKnownFileType = text.plist.xml; path = Info.plist; sourceTree = "<group>"; };
		BFE60BB41E8DA6AF00CF77E1 /* pokemon.csv */ = {isa = PBXFileReference; fileEncoding = 4; lastKnownFileType = text; path = pokemon.csv; sourceTree = "<group>"; };
/* End PBXFileReference section */

/* Begin PBXFrameworksBuildPhase section */
		BFE60B991E8D9A3300CF77E1 /* Frameworks */ = {
			isa = PBXFrameworksBuildPhase;
			buildActionMask = 2147483647;
			files = (
			);
			runOnlyForDeploymentPostprocessing = 0;
		};
/* End PBXFrameworksBuildPhase section */

/* Begin PBXGroup section */
		BFE60B931E8D9A3300CF77E1 = {
			isa = PBXGroup;
			children = (
				BFE60B9E1E8D9A3300CF77E1 /* pokedex3 */,
				BFE60B9D1E8D9A3300CF77E1 /* Products */,
			);
			sourceTree = "<group>";
		};
		BFE60B9D1E8D9A3300CF77E1 /* Products */ = {
			isa = PBXGroup;
			children = (
				BFE60B9C1E8D9A3300CF77E1 /* pokedex3.app */,
			);
			name = Products;
			sourceTree = "<group>";
		};
		BFE60B9E1E8D9A3300CF77E1 /* pokedex3 */ = {
			isa = PBXGroup;
			children = (
				BFE60B9F1E8D9A3300CF77E1 /* AppDelegate.swift */,
				BFE60BA11E8D9A3300CF77E1 /* ViewController.swift */,
				BFE60BA31E8D9A3300CF77E1 /* Main.storyboard */,
				BFE60BA91E8D9A3300CF77E1 /* Assets.xcassets */,
				BFE60BB41E8DA6AF00CF77E1 /* pokemon.csv */,
				BFE60BAB1E8D9A3300CF77E1 /* LaunchScreen.storyboard */,
				BFE60BAE1E8D9A3300CF77E1 /* Info.plist */,
				BFE60BA61E8D9A3300CF77E1 /* pokedex3.xcdatamodeld */,
			);
			path = pokedex3;
			sourceTree = "<group>";
		};
/* End PBXGroup section */

/* Begin PBXNativeTarget section */
		BFE60B9B1E8D9A3300CF77E1 /* pokedex3 */ = {
			isa = PBXNativeTarget;
			buildConfigurationList = BFE60BB11E8D9A3400CF77E1 /* Build configuration list for PBXNativeTarget "pokedex3" */;
			buildPhases = (
				BFE60B981E8D9A3300CF77E1 /* Sources */,
				BFE60B991E8D9A3300CF77E1 /* Frameworks */,
				BFE60B9A1E8D9A3300CF77E1 /* Resources */,
			);
			buildRules = (
			);
			dependencies = (
			);
			name = pokedex3;
			productName = pokedex3;
			productReference = BFE60B9C1E8D9A3300CF77E1 /* pokedex3.app */;
			productType = "com.apple.product-type.application";
		};
/* End PBXNativeTarget section */

/* Begin PBXProject section */
		BFE60B941E8D9A3300CF77E1 /* Project object */ = {
			isa = PBXProject;
			attributes = {
				LastSwiftUpdateCheck = 0830;
				LastUpgradeCheck = 0830;
				ORGANIZATIONNAME = "Vincent A. Johnson Jr.";
				TargetAttributes = {
					BFE60B9B1E8D9A3300CF77E1 = {
						CreatedOnToolsVersion = 8.3;
						DevelopmentTeam = 5AEPM6JAL6;
						ProvisioningStyle = Automatic;
					};
				};
			};
			buildConfigurationList = BFE60B971E8D9A3300CF77E1 /* Build configuration list for PBXProject "pokedex3" */;
			compatibilityVersion = "Xcode 3.2";
			developmentRegion = English;
			hasScannedForEncodings = 0;
			knownRegions = (
				en,
				Base,
			);
			mainGroup = BFE60B931E8D9A3300CF77E1;
			productRefGroup = BFE60B9D1E8D9A3300CF77E1 /* Products */;
			projectDirPath = "";
			projectRoot = "";
			targets = (
				BFE60B9B1E8D9A3300CF77E1 /* pokedex3 */,
			);
		};
/* End PBXProject section */

/* Begin PBXResourcesBuildPhase section */
		BFE60B9A1E8D9A3300CF77E1 /* Resources */ = {
			isa = PBXResourcesBuildPhase;
			buildActionMask = 2147483647;
			files = (
				BFE60BAD1E8D9A3300CF77E1 /* LaunchScreen.storyboard in Resources */,
				BFE60BAA1E8D9A3300CF77E1 /* Assets.xcassets in Resources */,
				BFE60BB51E8DA6AF00CF77E1 /* pokemon.csv in Resources */,
				BFE60BA51E8D9A3300CF77E1 /* Main.storyboard in Resources */,
			);
			runOnlyForDeploymentPostprocessing = 0;
		};
/* End PBXResourcesBuildPhase section */

/* Begin PBXSourcesBuildPhase section */
		BFE60B981E8D9A3300CF77E1 /* Sources */ = {
			isa = PBXSourcesBuildPhase;
			buildActionMask = 2147483647;
			files = (
				BFE60BA21E8D9A3300CF77E1 /* ViewController.swift in Sources */,
				BFE60BA81E8D9A3300CF77E1 /* pokedex3.xcdatamodeld in Sources */,
				BFE60BA01E8D9A3300CF77E1 /* AppDelegate.swift in Sources */,
			);
			runOnlyForDeploymentPostprocessing = 0;
		};
/* End PBXSourcesBuildPhase section */

/* Begin PBXVariantGroup section */
		BFE60BA31E8D9A3300CF77E1 /* Main.storyboard */ = {
			isa = PBXVariantGroup;
			children = (
				BFE60BA41E8D9A3300CF77E1 /* Base */,
			);
			name = Main.storyboard;
			sourceTree = "<group>";
		};
		BFE60BAB1E8D9A3300CF77E1 /* LaunchScreen.storyboard */ = {
			isa = PBXVariantGroup;
			children = (
				BFE60BAC1E8D9A3300CF77E1 /* Base */,
			);
			name = LaunchScreen.storyboard;
			sourceTree = "<group>";
		};
/* End PBXVariantGroup section */

/* Begin XCBuildConfiguration section */
		BFE60BAF1E8D9A3300CF77E1 /* Debug */ = {
			isa = XCBuildConfiguration;
			buildSettings = {
				ALWAYS_SEARCH_USER_PATHS = NO;
				CLANG_ANALYZER_NONNULL = YES;
				CLANG_ANALYZER_NUMBER_OBJECT_CONVERSION = YES_AGGRESSIVE;
				CLANG_CXX_LANGUAGE_STANDARD = "gnu++0x";
				CLANG_CXX_LIBRARY = "libc++";
				CLANG_ENABLE_MODULES = YES;
				CLANG_ENABLE_OBJC_ARC = YES;
				CLANG_WARN_BOOL_CONVERSION = YES;
				CLANG_WARN_CONSTANT_CONVERSION = YES;
				CLANG_WARN_DIRECT_OBJC_ISA_USAGE = YES_ERROR;
				CLANG_WARN_DOCUMENTATION_COMMENTS = YES;
				CLANG_WARN_EMPTY_BODY = YES;
				CLANG_WARN_ENUM_CONVERSION = YES;
				CLANG_WARN_INFINITE_RECURSION = YES;
				CLANG_WARN_INT_CONVERSION = YES;
				CLANG_WARN_OBJC_ROOT_CLASS = YES_ERROR;
				CLANG_WARN_SUSPICIOUS_MOVE = YES;
				CLANG_WARN_UNREACHABLE_CODE = YES;
				CLANG_WARN__DUPLICATE_METHOD_MATCH = YES;
				"CODE_SIGN_IDENTITY[sdk=iphoneos*]" = "iPhone Developer";
				COPY_PHASE_STRIP = NO;
				DEBUG_INFORMATION_FORMAT = dwarf;
				ENABLE_STRICT_OBJC_MSGSEND = YES;
				ENABLE_TESTABILITY = YES;
				GCC_C_LANGUAGE_STANDARD = gnu99;
				GCC_DYNAMIC_NO_PIC = NO;
				GCC_NO_COMMON_BLOCKS = YES;
				GCC_OPTIMIZATION_LEVEL = 0;
				GCC_PREPROCESSOR_DEFINITIONS = (
					"DEBUG=1",
					"$(inherited)",
				);
				GCC_WARN_64_TO_32_BIT_CONVERSION = YES;
				GCC_WARN_ABOUT_RETURN_TYPE = YES_ERROR;
				GCC_WARN_UNDECLARED_SELECTOR = YES;
				GCC_WARN_UNINITIALIZED_AUTOS = YES_AGGRESSIVE;
				GCC_WARN_UNUSED_FUNCTION = YES;
				GCC_WARN_UNUSED_VARIABLE = YES;
				IPHONEOS_DEPLOYMENT_TARGET = 10.3;
				MTL_ENABLE_DEBUG_INFO = YES;
				ONLY_ACTIVE_ARCH = YES;
				SDKROOT = iphoneos;
				SWIFT_ACTIVE_COMPILATION_CONDITIONS = DEBUG;
				SWIFT_OPTIMIZATION_LEVEL = "-Onone";
			};
			name = Debug;
		};
		BFE60BB01E8D9A3300CF77E1 /* Release */ = {
			isa = XCBuildConfiguration;
			buildSettings = {
				ALWAYS_SEARCH_USER_PATHS = NO;
				CLANG_ANALYZER_NONNULL = YES;
				CLANG_ANALYZER_NUMBER_OBJECT_CONVERSION = YES_AGGRESSIVE;
				CLANG_CXX_LANGUAGE_STANDARD = "gnu++0x";
				CLANG_CXX_LIBRARY = "libc++";
				CLANG_ENABLE_MODULES = YES;
				CLANG_ENABLE_OBJC_ARC = YES;
				CLANG_WARN_BOOL_CONVERSION = YES;
				CLANG_WARN_CONSTANT_CONVERSION = YES;
				CLANG_WARN_DIRECT_OBJC_ISA_USAGE = YES_ERROR;
				CLANG_WARN_DOCUMENTATION_COMMENTS = YES;
				CLANG_WARN_EMPTY_BODY = YES;
				CLANG_WARN_ENUM_CONVERSION = YES;
				CLANG_WARN_INFINITE_RECURSION = YES;
				CLANG_WARN_INT_CONVERSION = YES;
				CLANG_WARN_OBJC_ROOT_CLASS = YES_ERROR;
				CLANG_WARN_SUSPICIOUS_MOVE = YES;
				CLANG_WARN_UNREACHABLE_CODE = YES;
				CLANG_WARN__DUPLICATE_METHOD_MATCH = YES;
				"CODE_SIGN_IDENTITY[sdk=iphoneos*]" = "iPhone Developer";
				COPY_PHASE_STRIP = NO;
				DEBUG_INFORMATION_FORMAT = "dwarf-with-dsym";
				ENABLE_NS_ASSERTIONS = NO;
				ENABLE_STRICT_OBJC_MSGSEND = YES;
				GCC_C_LANGUAGE_STANDARD = gnu99;
				GCC_NO_COMMON_BLOCKS = YES;
				GCC_WARN_64_TO_32_BIT_CONVERSION = YES;
				GCC_WARN_ABOUT_RETURN_TYPE = YES_ERROR;
				GCC_WARN_UNDECLARED_SELECTOR = YES;
				GCC_WARN_UNINITIALIZED_AUTOS = YES_AGGRESSIVE;
				GCC_WARN_UNUSED_FUNCTION = YES;
				GCC_WARN_UNUSED_VARIABLE = YES;
				IPHONEOS_DEPLOYMENT_TARGET = 10.3;
				MTL_ENABLE_DEBUG_INFO = NO;
				SDKROOT = iphoneos;
				SWIFT_OPTIMIZATION_LEVEL = "-Owholemodule";
				VALIDATE_PRODUCT = YES;
			};
			name = Release;
		};
		BFE60BB21E8D9A3400CF77E1 /* Debug */ = {
			isa = XCBuildConfiguration;
			buildSettings = {
				ASSETCATALOG_COMPILER_APPICON_NAME = AppIcon;
				DEVELOPMENT_TEAM = 5AEPM6JAL6;
				INFOPLIST_FILE = pokedex3/Info.plist;
				LD_RUNPATH_SEARCH_PATHS = "$(inherited) @executable_path/Frameworks";
				PRODUCT_BUNDLE_IDENTIFIER = com.sample.pokedex3;
				PRODUCT_NAME = "$(TARGET_NAME)";
				SWIFT_VERSION = 3.0;
			};
			name = Debug;
		};
		BFE60BB31E8D9A3400CF77E1 /* Release */ = {
			isa = XCBuildConfiguration;
			buildSettings = {
				ASSETCATALOG_COMPILER_APPICON_NAME = AppIcon;
				DEVELOPMENT_TEAM = 5AEPM6JAL6;
				INFOPLIST_FILE = pokedex3/Info.plist;
				LD_RUNPATH_SEARCH_PATHS = "$(inherited) @executable_path/Frameworks";
				PRODUCT_BUNDLE_IDENTIFIER = com.sample.pokedex3;
				PRODUCT_NAME = "$(TARGET_NAME)";
				SWIFT_VERSION = 3.0;
			};
			name = Release;
		};
/* End XCBuildConfiguration section */

/* Begin XCConfigurationList section */
		BFE60B971E8D9A3300CF77E1 /* Build configuration list for PBXProject "pokedex3" */ = {
			isa = XCConfigurationList;
			buildConfigurations = (
				BFE60BAF1E8D9A3300CF77E1 /* Debug */,
				BFE60BB01E8D9A3300CF77E1 /* Release */,
			);
			defaultConfigurationIsVisible = 0;
			defaultConfigurationName = Release;
		};
		BFE60BB11E8D9A3400CF77E1 /* Build configuration list for PBXNativeTarget "pokedex3" */ = {
			isa = XCConfigurationList;
			buildConfigurations = (
				BFE60BB21E8D9A3400CF77E1 /* Debug */,
				BFE60BB31E8D9A3400CF77E1 /* Release */,
			);
			defaultConfigurationIsVisible = 0;
		};
/* End XCConfigurationList section */

/* Begin XCVersionGroup section */
		BFE60BA61E8D9A3300CF77E1 /* pokedex3.xcdatamodeld */ = {
			isa = XCVersionGroup;
			children = (
				BFE60BA71E8D9A3300CF77E1 /* pokedex3.xcdatamodel */,
			);
			currentVersion = BFE60BA71E8D9A3300CF77E1 /* pokedex3.xcdatamodel */;
			path = pokedex3.xcdatamodeld;
			sourceTree = "<group>";
			versionGroupType = wrapper.xcdatamodel;
		};
/* End XCVersionGroup section */
	};
	rootObject = BFE60B941E8D9A3300CF77E1 /* Project object */;
}
